
Microsoft Visual Studio Solution File, Format Version 12.00
# Visual Studio Version 17
VisualStudioVersion = 17.5.33627.172
MinimumVisualStudioVersion = 10.0.40219.1
Project("{FAE04EC0-301F-11D3-BF4B-00C04F79EFBC}") = "Asg01_bcs20a004", "Asg01_bcs20a004.csproj", "{FAE63EB7-CE93-4ABE-8522-304BD01A64A2}"
EndProject
Global
	GlobalSection(SolutionConfigurationPlatforms) = preSolution
		Debug|Any CPU = Debug|Any CPU
		Release|Any CPU = Release|Any CPU
	EndGlobalSection
	GlobalSection(ProjectConfigurationPlatforms) = postSolution
		{FAE63EB7-CE93-4ABE-8522-304BD01A64A2}.Debug|Any CPU.ActiveCfg = Debug|Any CPU
		{FAE63EB7-CE93-4ABE-8522-304BD01A64A2}.Debug|Any CPU.Build.0 = Debug|Any CPU
		{FAE63EB7-CE93-4ABE-8522-304BD01A64A2}.Release|Any CPU.ActiveCfg = Release|Any CPU
		{FAE63EB7-CE93-4ABE-8522-304BD01A64A2}.Release|Any CPU.Build.0 = Release|Any CPU
	EndGlobalSection
	GlobalSection(SolutionProperties) = preSolution
		HideSolutionNode = FALSE
	EndGlobalSection
	GlobalSection(ExtensibilityGlobals) = postSolution
		SolutionGuid = {C05E7201-9996-4BEA-BCCF-86BD0E861C9C}
	EndGlobalSection
EndGlobal
